
Microsoft Visual Studio Solution File, Format Version 12.00
# Visual Studio 14
VisualStudioVersion = 14.0.25420.1
MinimumVisualStudioVersion = 10.0.40219.1
Project("{FAE04EC0-301F-11D3-BF4B-00C04F79EFBC}") = "T-Office.App", "T-Office.App\T-Office.App.csproj", "{35E5D37A-C1E0-45D5-BC1E-B3027581CF00}"
EndProject
Project("{FAE04EC0-301F-11D3-BF4B-00C04F79EFBC}") = "T-Office.BL", "T-Office.BL\T-Office.BL.csproj", "{77F4AD72-597F-4CF9-B619-878973DD9939}"
EndProject
Project("{FAE04EC0-301F-11D3-BF4B-00C04F79EFBC}") = "T-Office.DAL", "T-Office.DAL\T-Office.DAL.csproj", "{2D71F902-6F61-4E7F-AFE4-FF78549BD6CC}"
EndProject
Project("{FAE04EC0-301F-11D3-BF4B-00C04F79EFBC}") = "T-Office.Models", "T-Office.Models\T-Office.Models.csproj", "{7BC2D9E0-613B-4856-9C20-21A7D1C21315}"
EndProject
Project("{FAE04EC0-301F-11D3-BF4B-00C04F79EFBC}") = "T-Office.RegLicenseReader", "T-Office.RegLicenseReader\T-Office.RegLicenseReader.csproj", "{970FF34C-C519-47DB-BDA2-EFFCCC3C7FD1}"
EndProject
Project("{FAE04EC0-301F-11D3-BF4B-00C04F79EFBC}") = "T-Office.Api", "T-Office.Api\T-Office.Api.csproj", "{D5F61615-E273-4231-9112-696FA2515697}"
EndProject
Global
	GlobalSection(SubversionScc) = preSolution
		Svn-Managed = True
		Manager = AnkhSVN - Subversion Support for Visual Studio
	EndGlobalSection
	GlobalSection(SolutionConfigurationPlatforms) = preSolution
		Debug|Any CPU = Debug|Any CPU
		Release|Any CPU = Release|Any CPU
	EndGlobalSection
	GlobalSection(ProjectConfigurationPlatforms) = postSolution
		{35E5D37A-C1E0-45D5-BC1E-B3027581CF00}.Debug|Any CPU.ActiveCfg = Debug|Any CPU
		{35E5D37A-C1E0-45D5-BC1E-B3027581CF00}.Debug|Any CPU.Build.0 = Debug|Any CPU
		{35E5D37A-C1E0-45D5-BC1E-B3027581CF00}.Release|Any CPU.ActiveCfg = Release|Any CPU
		{35E5D37A-C1E0-45D5-BC1E-B3027581CF00}.Release|Any CPU.Build.0 = Release|Any CPU
		{77F4AD72-597F-4CF9-B619-878973DD9939}.Debug|Any CPU.ActiveCfg = Debug|Any CPU
		{77F4AD72-597F-4CF9-B619-878973DD9939}.Debug|Any CPU.Build.0 = Debug|Any CPU
		{77F4AD72-597F-4CF9-B619-878973DD9939}.Release|Any CPU.ActiveCfg = Release|Any CPU
		{77F4AD72-597F-4CF9-B619-878973DD9939}.Release|Any CPU.Build.0 = Release|Any CPU
		{2D71F902-6F61-4E7F-AFE4-FF78549BD6CC}.Debug|Any CPU.ActiveCfg = Debug|Any CPU
		{2D71F902-6F61-4E7F-AFE4-FF78549BD6CC}.Debug|Any CPU.Build.0 = Debug|Any CPU
		{2D71F902-6F61-4E7F-AFE4-FF78549BD6CC}.Release|Any CPU.ActiveCfg = Release|Any CPU
		{2D71F902-6F61-4E7F-AFE4-FF78549BD6CC}.Release|Any CPU.Build.0 = Release|Any CPU
		{7BC2D9E0-613B-4856-9C20-21A7D1C21315}.Debug|Any CPU.ActiveCfg = Debug|Any CPU
		{7BC2D9E0-613B-4856-9C20-21A7D1C21315}.Debug|Any CPU.Build.0 = Debug|Any CPU
		{7BC2D9E0-613B-4856-9C20-21A7D1C21315}.Release|Any CPU.ActiveCfg = Release|Any CPU
		{7BC2D9E0-613B-4856-9C20-21A7D1C21315}.Release|Any CPU.Build.0 = Release|Any CPU
		{970FF34C-C519-47DB-BDA2-EFFCCC3C7FD1}.Debug|Any CPU.ActiveCfg = Debug|Any CPU
		{970FF34C-C519-47DB-BDA2-EFFCCC3C7FD1}.Debug|Any CPU.Build.0 = Debug|Any CPU
		{970FF34C-C519-47DB-BDA2-EFFCCC3C7FD1}.Release|Any CPU.ActiveCfg = Release|Any CPU
		{970FF34C-C519-47DB-BDA2-EFFCCC3C7FD1}.Release|Any CPU.Build.0 = Release|Any CPU
		{D5F61615-E273-4231-9112-696FA2515697}.Debug|Any CPU.ActiveCfg = Debug|Any CPU
		{D5F61615-E273-4231-9112-696FA2515697}.Debug|Any CPU.Build.0 = Debug|Any CPU
		{D5F61615-E273-4231-9112-696FA2515697}.Release|Any CPU.ActiveCfg = Release|Any CPU
		{D5F61615-E273-4231-9112-696FA2515697}.Release|Any CPU.Build.0 = Release|Any CPU
	EndGlobalSection
	GlobalSection(SolutionProperties) = preSolution
		HideSolutionNode = FALSE
	EndGlobalSection
EndGlobal
